
Microsoft Visual Studio Solution File, Format Version 12.00
# Visual Studio Version 16
VisualStudioVersion = 16.0.31129.286
Project("{FAE04EC0-301F-11D3-BF4B-00C04F79EFBC}") = "WindowsApplication1", "WindowsApplication1\WindowsApplication1.csproj", "{A25AC518-3DBF-4940-8F6E-F9F6539490D7}"
EndProject
Global
	GlobalSection(SolutionConfigurationPlatforms) = preSolution
		Debug|Any CPU = Debug|Any CPU
		Release|Any CPU = Release|Any CPU
	EndGlobalSection
	GlobalSection(SolutionProperties) = preSolution
		HideSolutionNode = FALSE
	EndGlobalSection
	GlobalSection(ExtensibilityGlobals) = postSolution
		SolutionGuid = {69569A97-C0E1-4785-9647-40FB6E781B7A}
	EndGlobalSection
	GlobalSection(SolutionConfigurationPlatforms) = preSolution
		Debug|Any CPU = Debug|Any CPU
		Release|Any CPU = Release|Any CPU
	EndGlobalSection
	GlobalSection(ProjectConfigurationPlatforms) = postSolution
		{A25AC518-3DBF-4940-8F6E-F9F6539490D7}.Debug|Any CPU.ActiveCfg = Debug|Any CPU
		{A25AC518-3DBF-4940-8F6E-F9F6539490D7}.Debug|Any CPU.Build.0 = Debug|Any CPU
		{A25AC518-3DBF-4940-8F6E-F9F6539490D7}.Release|Any CPU.ActiveCfg = Release|Any CPU
		{A25AC518-3DBF-4940-8F6E-F9F6539490D7}.Release|Any CPU.Build.0 = Release|Any CPU
	EndGlobalSection
	GlobalSection(SolutionProperties) = preSolution
		HideSolutionNode = FALSE
	EndGlobalSection
EndGlobal
